<?xml version="1.0" encoding="utf-8"?>
<Project ToolsVersion="4.0" xmlns="http://schemas.microsoft.com/developer/msbuild/2003">
  <ItemGroup>
    <Filter Include="Source Files">
      <UniqueIdentifier>{4FC737F1-C7A5-4376-A066-2A32D752A2FF}</UniqueIdentifier>
      <Extensions>cpp;c;cc;cxx;def;odl;idl;hpj;bat;asm;asmx</Extensions>
    </Filter>
    <Filter Include="Header Files">
      <UniqueIdentifier>{93995380-89BD-4b04-88EB-625FBE52EBFB}</UniqueIdentifier>
      <Extensions>h;hh;hpp;hxx;hm;inl;inc;xsd</Extensions>
    </Filter>
    <Filter Include="Resource Files">
      <UniqueIdentifier>{67DA6AB6-F800-4c08-8B7A-83BB121AAD01}</UniqueIdentifier>
      <Extensions>rc;ico;cur;bmp;dlg;rc2;rct;bin;rgs;gif;jpg;jpeg;jpe;resx;tiff;tif;png;wav;mfcribbon-ms</Extensions>
    </Filter>
    <Filter Include="Header Files\Engine">
      <UniqueIdentifier>{8a1b37f5-1b11-4751-80bf-f2156ea93351}</UniqueIdentifier>
    </Filter>
    <Filter Include="Header Files\Game">
      <UniqueIdentifier>{c062c939-7a88-4c87-939e-8471adad3270}</UniqueIdentifier>
    </Filter>
    <Filter Include="Header Files\Engine\Core">
      <UniqueIdentifier>{77d4aad5-67f0-4896-a882-98c090d9f9a7}</UniqueIdentifier>
    </Filter>
    <Filter Include="Header Files\Engine\EntityCore">
      <UniqueIdentifier>{fd55dc9e-92db-49c9-9e6b-9667ae839cfd}</UniqueIdentifier>
    </Filter>
    <Filter Include="Header Files\Engine\CoreComponents">
      <UniqueIdentifier>{5633e790-9f03-4b43-beda-9586acbd22f8}</UniqueIdentifier>
    </Filter>
    <Filter Include="Header Files\Engine\CoreSystems">
      <UniqueIdentifier>{695d257c-595e-4335-8ae6-796ff38872d5}</UniqueIdentifier>
    </Filter>
    <Filter Include="Header Files\Engine\Events">
      <UniqueIdentifier>{dbfbc153-bbf1-45ec-b062-bbc7b01dc88b}</UniqueIdentifier>
    </Filter>
    <Filter Include="Header Files\Engine\Input">
      <UniqueIdentifier>{84fad6fa-2fa6-4dd4-9dfb-c2bd066352bb}</UniqueIdentifier>
    </Filter>
    <Filter Include="Header Files\Engine\Math">
      <UniqueIdentifier>{c4f2e309-bb79-4a5a-ab60-75512fcb4c0d}</UniqueIdentifier>
    </Filter>
    <Filter Include="Source Files\Engine">
      <UniqueIdentifier>{965e8892-2d80-4a07-9b67-e90a9d7cc67d}</UniqueIdentifier>
    </Filter>
    <Filter Include="Source Files\Engine\EntityCore">
      <UniqueIdentifier>{6c0209e3-b50d-40e0-b47b-3546c8ecce88}</UniqueIdentifier>
    </Filter>
    <Filter Include="Source Files\Engine\Core">
      <UniqueIdentifier>{b3450d55-6681-4789-8e3a-0e61626f810d}</UniqueIdentifier>
    </Filter>
    <Filter Include="Source Files\Engine\Events">
      <UniqueIdentifier>{fe24fb0d-25a4-4e1b-9232-d4b495fd6000}</UniqueIdentifier>
    </Filter>
    <Filter Include="Source Files\Engine\Math">
      <UniqueIdentifier>{f3888ca1-d78d-427d-95a1-4acd03ef2951}</UniqueIdentifier>
    </Filter>
    <Filter Include="Source Files\Engine\Input">
      <UniqueIdentifier>{09e6831f-be83-473e-8978-c3e5d3ea2604}</UniqueIdentifier>
    </Filter>
    <Filter Include="Source Files\Engine\CoreSystems">
      <UniqueIdentifier>{445e43e7-2832-4cf0-8727-f01158ff7831}</UniqueIdentifier>
    </Filter>
    <Filter Include="Source Files\Game">
      <UniqueIdentifier>{a5d24c97-d236-4b85-9925-a905a5b2eb50}</UniqueIdentifier>
    </Filter>
  </ItemGroup>
  <ItemGroup>
    <ClInclude Include="..\..\Source\include\ComponentTypes.h">
      <Filter>Header Files</Filter>
    </ClInclude>
    <ClInclude Include="..\..\Source\include\Engine\Core\Core.h">
      <Filter>Header Files\Engine\Core</Filter>
    </ClInclude>
    <ClInclude Include="..\..\Source\include\Engine\Core\Window.h">
      <Filter>Header Files\Engine\Core</Filter>
    </ClInclude>
    <ClInclude Include="..\..\Source\include\Engine\EntityCore\Entity.h">
      <Filter>Header Files\Engine\EntityCore</Filter>
    </ClInclude>
    <ClInclude Include="..\..\Source\include\Engine\EntityCore\EntityManager.h">
      <Filter>Header Files\Engine\EntityCore</Filter>
    </ClInclude>
    <ClInclude Include="..\..\Source\include\Engine\CoreComponents\Animation.h">
      <Filter>Header Files\Engine\CoreComponents</Filter>
    </ClInclude>
    <ClInclude Include="..\..\Source\include\Engine\CoreComponents\AnimationComponent.h">
      <Filter>Header Files\Engine\CoreComponents</Filter>
    </ClInclude>
    <ClInclude Include="..\..\Source\include\Engine\CoreComponents\Component.h">
      <Filter>Header Files\Engine\CoreComponents</Filter>
    </ClInclude>
    <ClInclude Include="..\..\Source\include\Engine\CoreComponents\MovementComponent.h">
      <Filter>Header Files\Engine\CoreComponents</Filter>
    </ClInclude>
    <ClInclude Include="..\..\Source\include\Engine\CoreComponents\SpriteComponent.h">
      <Filter>Header Files\Engine\CoreComponents</Filter>
    </ClInclude>
    <ClInclude Include="..\..\Source\include\Engine\CoreComponents\TransformComponent.h">
      <Filter>Header Files\Engine\CoreComponents</Filter>
    </ClInclude>
    <ClInclude Include="..\..\Source\include\Engine\CoreSystems\AnimationSystem.h">
      <Filter>Header Files\Engine\CoreSystems</Filter>
    </ClInclude>
    <ClInclude Include="..\..\Source\include\Engine\CoreSystems\MovementSystem.h">
      <Filter>Header Files\Engine\CoreSystems</Filter>
    </ClInclude>
    <ClInclude Include="..\..\Source\include\Engine\CoreSystems\System.h">
      <Filter>Header Files\Engine\CoreSystems</Filter>
    </ClInclude>
    <ClInclude Include="..\..\Source\include\Engine\Events\EntityEvent.h">
      <Filter>Header Files\Engine\Events</Filter>
    </ClInclude>
    <ClInclude Include="..\..\Source\include\Engine\Events\EventManager.h">
      <Filter>Header Files\Engine\Events</Filter>
    </ClInclude>
    <ClInclude Include="..\..\Source\include\Engine\Events\Events.h">
      <Filter>Header Files\Engine\Events</Filter>
    </ClInclude>
    <ClInclude Include="..\..\Source\include\Engine\Input\InputHandler.h">
      <Filter>Header Files\Engine\Input</Filter>
    </ClInclude>
    <ClInclude Include="..\..\Source\include\Engine\Math\Vec2.h">
      <Filter>Header Files\Engine\Math</Filter>
    </ClInclude>
    <ClInclude Include="..\..\Source\include\Engine\Math\Vec3.h">
      <Filter>Header Files\Engine\Math</Filter>
    </ClInclude>
    <ClInclude Include="..\..\Source\include\Game\Game.h">
      <Filter>Header Files\Game</Filter>
    </ClInclude>
  </ItemGroup>
  <ItemGroup>
    <ClCompile Include="..\..\Source\src\Engine\Core\Core.cpp">
      <Filter>Source Files\Engine\Core</Filter>
    </ClCompile>
    <ClCompile Include="..\..\Source\src\Engine\Core\Window.cpp">
      <Filter>Source Files\Engine\Core</Filter>
    </ClCompile>
    <ClCompile Include="..\..\Source\src\Engine\CoreSystems\AnimationSystem.cpp">
      <Filter>Source Files\Engine\CoreSystems</Filter>
    </ClCompile>
    <ClCompile Include="..\..\Source\src\Engine\CoreSystems\MovementSystem.cpp">
      <Filter>Source Files\Engine\CoreSystems</Filter>
    </ClCompile>
    <ClCompile Include="..\..\Source\src\Engine\CoreSystems\System.cpp">
      <Filter>Source Files\Engine\CoreSystems</Filter>
    </ClCompile>
    <ClCompile Include="..\..\Source\src\Engine\EntityCore\EntityManager.cpp">
      <Filter>Source Files\Engine\EntityCore</Filter>
    </ClCompile>
    <ClCompile Include="..\..\Source\src\Engine\Events\EventManager.cpp">
      <Filter>Source Files\Engine\Events</Filter>
    </ClCompile>
    <ClCompile Include="..\..\Source\src\Engine\Input\InputHandler.cpp">
      <Filter>Source Files\Engine\Input</Filter>
    </ClCompile>
    <ClCompile Include="..\..\Source\src\Engine\Math\Vec2.cpp">
      <Filter>Source Files\Engine\Math</Filter>
    </ClCompile>
    <ClCompile Include="..\..\Source\src\Engine\Math\Vec3.cpp">
      <Filter>Source Files\Engine\Math</Filter>
    </ClCompile>
    <ClCompile Include="..\..\Source\src\Game\Game.cpp">
      <Filter>Source Files\Game</Filter>
    </ClCompile>
    <ClCompile Include="..\..\Source\src\Game\Main.cpp">
      <Filter>Source Files\Game</Filter>
    </ClCompile>
  </ItemGroup>
</Project>