// !$*UTF8*$!
{
	archiveVersion = 1;
	classes = {
	};
	objectVersion = 46;
	objects = {

/* Begin PBXBuildFile section */
		5F28E5961AA8A23900EF627F /* Core.cpp in Sources */ = {isa = PBXBuildFile; fileRef = 5F28E5841AA8A23900EF627F /* Core.cpp */; };
		5F28E5971AA8A23900EF627F /* Core.cpp in Sources */ = {isa = PBXBuildFile; fileRef = 5F28E5841AA8A23900EF627F /* Core.cpp */; };
		5F28E5981AA8A23900EF627F /* Window.cpp in Sources */ = {isa = PBXBuildFile; fileRef = 5F28E5851AA8A23900EF627F /* Window.cpp */; };
		5F28E5991AA8A23900EF627F /* Window.cpp in Sources */ = {isa = PBXBuildFile; fileRef = 5F28E5851AA8A23900EF627F /* Window.cpp */; };
		5F28E59A1AA8A23900EF627F /* AnimationSystem.cpp in Sources */ = {isa = PBXBuildFile; fileRef = 5F28E5871AA8A23900EF627F /* AnimationSystem.cpp */; };
		5F28E59B1AA8A23900EF627F /* AnimationSystem.cpp in Sources */ = {isa = PBXBuildFile; fileRef = 5F28E5871AA8A23900EF627F /* AnimationSystem.cpp */; };
		5F28E59C1AA8A23900EF627F /* MovementSystem.cpp in Sources */ = {isa = PBXBuildFile; fileRef = 5F28E5881AA8A23900EF627F /* MovementSystem.cpp */; };
		5F28E59D1AA8A23900EF627F /* MovementSystem.cpp in Sources */ = {isa = PBXBuildFile; fileRef = 5F28E5881AA8A23900EF627F /* MovementSystem.cpp */; };
		5F28E59E1AA8A23900EF627F /* System.cpp in Sources */ = {isa = PBXBuildFile; fileRef = 5F28E5891AA8A23900EF627F /* System.cpp */; };
		5F28E59F1AA8A23900EF627F /* System.cpp in Sources */ = {isa = PBXBuildFile; fileRef = 5F28E5891AA8A23900EF627F /* System.cpp */; };
		5F28E5A01AA8A23900EF627F /* EntityManager.cpp in Sources */ = {isa = PBXBuildFile; fileRef = 5F28E58B1AA8A23900EF627F /* EntityManager.cpp */; };
		5F28E5A11AA8A23900EF627F /* EntityManager.cpp in Sources */ = {isa = PBXBuildFile; fileRef = 5F28E58B1AA8A23900EF627F /* EntityManager.cpp */; };
		5F28E5A21AA8A23900EF627F /* EventManager.cpp in Sources */ = {isa = PBXBuildFile; fileRef = 5F28E58D1AA8A23900EF627F /* EventManager.cpp */; };
		5F28E5A31AA8A23900EF627F /* EventManager.cpp in Sources */ = {isa = PBXBuildFile; fileRef = 5F28E58D1AA8A23900EF627F /* EventManager.cpp */; };
		5F28E5A41AA8A23900EF627F /* InputHandler.cpp in Sources */ = {isa = PBXBuildFile; fileRef = 5F28E58F1AA8A23900EF627F /* InputHandler.cpp */; };
		5F28E5A51AA8A23900EF627F /* InputHandler.cpp in Sources */ = {isa = PBXBuildFile; fileRef = 5F28E58F1AA8A23900EF627F /* InputHandler.cpp */; };
		5F28E5A61AA8A23900EF627F /* Vec2.cpp in Sources */ = {isa = PBXBuildFile; fileRef = 5F28E5911AA8A23900EF627F /* Vec2.cpp */; };
		5F28E5A71AA8A23900EF627F /* Vec2.cpp in Sources */ = {isa = PBXBuildFile; fileRef = 5F28E5911AA8A23900EF627F /* Vec2.cpp */; };
		5F28E5A81AA8A23900EF627F /* Vec3.cpp in Sources */ = {isa = PBXBuildFile; fileRef = 5F28E5921AA8A23900EF627F /* Vec3.cpp */; };
		5F28E5A91AA8A23900EF627F /* Vec3.cpp in Sources */ = {isa = PBXBuildFile; fileRef = 5F28E5921AA8A23900EF627F /* Vec3.cpp */; };
		5F28E5AA1AA8A23900EF627F /* Game.cpp in Sources */ = {isa = PBXBuildFile; fileRef = 5F28E5941AA8A23900EF627F /* Game.cpp */; };
		5F28E5AB1AA8A23900EF627F /* Game.cpp in Sources */ = {isa = PBXBuildFile; fileRef = 5F28E5941AA8A23900EF627F /* Game.cpp */; };
		5F28E5AC1AA8A23900EF627F /* Main.cpp in Sources */ = {isa = PBXBuildFile; fileRef = 5F28E5951AA8A23900EF627F /* Main.cpp */; };
		5F28E5AD1AA8A23900EF627F /* Main.cpp in Sources */ = {isa = PBXBuildFile; fileRef = 5F28E5951AA8A23900EF627F /* Main.cpp */; };
		5F28E5B51AA8AB2C00EF627F /* OpenGL.framework in Frameworks */ = {isa = PBXBuildFile; fileRef = 5F28E5B41AA8AB2C00EF627F /* OpenGL.framework */; };
		5F28E5BA1AA8B03400EF627F /* OpenGL.framework in Frameworks */ = {isa = PBXBuildFile; fileRef = 5F28E5B41AA8AB2C00EF627F /* OpenGL.framework */; };
		5F812F461F1642260092F865 /* libglfw.3.2.dylib in Frameworks */ = {isa = PBXBuildFile; fileRef = 5FFBA5351F158BD800FEB4EF /* libglfw.3.2.dylib */; };
		5F812F471F16422F0092F865 /* libGLEW.2.0.0.dylib in Frameworks */ = {isa = PBXBuildFile; fileRef = 5FFBA5331F158BB300FEB4EF /* libGLEW.2.0.0.dylib */; };
		5FA7113D1F5F407B0048073B /* libGLEW.2.1.0.dylib in Frameworks */ = {isa = PBXBuildFile; fileRef = 5FA7113C1F5F407B0048073B /* libGLEW.2.1.0.dylib */; };
		5FA7113F1F5F408D0048073B /* libglfw.3.2.dylib in Frameworks */ = {isa = PBXBuildFile; fileRef = 5FA7113E1F5F408D0048073B /* libglfw.3.2.dylib */; };
		5FF8DDB81A6C613E000BC39A /* Images.xcassets in Resources */ = {isa = PBXBuildFile; fileRef = 5FF8DDB71A6C613E000BC39A /* Images.xcassets */; };
/* End PBXBuildFile section */

/* Begin PBXContainerItemProxy section */
		5FF8DDC11A6C613F000BC39A /* PBXContainerItemProxy */ = {
			isa = PBXContainerItemProxy;
			containerPortal = 5FF8DDA51A6C613E000BC39A /* Project object */;
			proxyType = 1;
			remoteGlobalIDString = 5FF8DDAC1A6C613E000BC39A;
			remoteInfo = GameEngine;
		};
/* End PBXContainerItemProxy section */

/* Begin PBXFileReference section */
		5F28E5631AA8A23900EF627F /* ComponentTypes.h */ = {isa = PBXFileReference; fileEncoding = 4; lastKnownFileType = sourcecode.c.h; path = ComponentTypes.h; sourceTree = "<group>"; };
		5F28E5661AA8A23900EF627F /* Core.h */ = {isa = PBXFileReference; fileEncoding = 4; lastKnownFileType = sourcecode.c.h; path = Core.h; sourceTree = "<group>"; };
		5F28E5671AA8A23900EF627F /* Window.h */ = {isa = PBXFileReference; fileEncoding = 4; lastKnownFileType = sourcecode.c.h; path = Window.h; sourceTree = "<group>"; };
		5F28E5691AA8A23900EF627F /* Animation.h */ = {isa = PBXFileReference; fileEncoding = 4; lastKnownFileType = sourcecode.c.h; path = Animation.h; sourceTree = "<group>"; };
		5F28E56A1AA8A23900EF627F /* AnimationComponent.h */ = {isa = PBXFileReference; fileEncoding = 4; lastKnownFileType = sourcecode.c.h; path = AnimationComponent.h; sourceTree = "<group>"; };
		5F28E56B1AA8A23900EF627F /* Component.h */ = {isa = PBXFileReference; fileEncoding = 4; lastKnownFileType = sourcecode.c.h; path = Component.h; sourceTree = "<group>"; };
		5F28E56C1AA8A23900EF627F /* MovementComponent.h */ = {isa = PBXFileReference; fileEncoding = 4; lastKnownFileType = sourcecode.c.h; path = MovementComponent.h; sourceTree = "<group>"; };
		5F28E56D1AA8A23900EF627F /* SpriteComponent.h */ = {isa = PBXFileReference; fileEncoding = 4; lastKnownFileType = sourcecode.c.h; path = SpriteComponent.h; sourceTree = "<group>"; };
		5F28E56E1AA8A23900EF627F /* TransformComponent.h */ = {isa = PBXFileReference; fileEncoding = 4; lastKnownFileType = sourcecode.c.h; path = TransformComponent.h; sourceTree = "<group>"; };
		5F28E5701AA8A23900EF627F /* AnimationSystem.h */ = {isa = PBXFileReference; fileEncoding = 4; lastKnownFileType = sourcecode.c.h; path = AnimationSystem.h; sourceTree = "<group>"; };
		5F28E5711AA8A23900EF627F /* MovementSystem.h */ = {isa = PBXFileReference; fileEncoding = 4; lastKnownFileType = sourcecode.c.h; path = MovementSystem.h; sourceTree = "<group>"; };
		5F28E5721AA8A23900EF627F /* System.h */ = {isa = PBXFileReference; fileEncoding = 4; lastKnownFileType = sourcecode.c.h; path = System.h; sourceTree = "<group>"; };
		5F28E5741AA8A23900EF627F /* Entity.h */ = {isa = PBXFileReference; fileEncoding = 4; lastKnownFileType = sourcecode.c.h; path = Entity.h; sourceTree = "<group>"; };
		5F28E5751AA8A23900EF627F /* EntityManager.h */ = {isa = PBXFileReference; fileEncoding = 4; lastKnownFileType = sourcecode.c.h; path = EntityManager.h; sourceTree = "<group>"; };
		5F28E5771AA8A23900EF627F /* EntityEvent.h */ = {isa = PBXFileReference; fileEncoding = 4; lastKnownFileType = sourcecode.c.h; path = EntityEvent.h; sourceTree = "<group>"; };
		5F28E5781AA8A23900EF627F /* EventManager.h */ = {isa = PBXFileReference; fileEncoding = 4; lastKnownFileType = sourcecode.c.h; path = EventManager.h; sourceTree = "<group>"; };
		5F28E5791AA8A23900EF627F /* Events.h */ = {isa = PBXFileReference; fileEncoding = 4; lastKnownFileType = sourcecode.c.h; path = Events.h; sourceTree = "<group>"; };
		5F28E57B1AA8A23900EF627F /* InputHandler.h */ = {isa = PBXFileReference; fileEncoding = 4; lastKnownFileType = sourcecode.c.h; path = InputHandler.h; sourceTree = "<group>"; };
		5F28E57D1AA8A23900EF627F /* Vec2.h */ = {isa = PBXFileReference; fileEncoding = 4; lastKnownFileType = sourcecode.c.h; path = Vec2.h; sourceTree = "<group>"; };
		5F28E57E1AA8A23900EF627F /* Vec3.h */ = {isa = PBXFileReference; fileEncoding = 4; lastKnownFileType = sourcecode.c.h; path = Vec3.h; sourceTree = "<group>"; };
		5F28E5801AA8A23900EF627F /* Game.h */ = {isa = PBXFileReference; fileEncoding = 4; lastKnownFileType = sourcecode.c.h; path = Game.h; sourceTree = "<group>"; };
		5F28E5841AA8A23900EF627F /* Core.cpp */ = {isa = PBXFileReference; fileEncoding = 4; lastKnownFileType = sourcecode.cpp.cpp; path = Core.cpp; sourceTree = "<group>"; };
		5F28E5851AA8A23900EF627F /* Window.cpp */ = {isa = PBXFileReference; fileEncoding = 4; lastKnownFileType = sourcecode.cpp.cpp; path = Window.cpp; sourceTree = "<group>"; };
		5F28E5871AA8A23900EF627F /* AnimationSystem.cpp */ = {isa = PBXFileReference; fileEncoding = 4; lastKnownFileType = sourcecode.cpp.cpp; path = AnimationSystem.cpp; sourceTree = "<group>"; };
		5F28E5881AA8A23900EF627F /* MovementSystem.cpp */ = {isa = PBXFileReference; fileEncoding = 4; lastKnownFileType = sourcecode.cpp.cpp; path = MovementSystem.cpp; sourceTree = "<group>"; };
		5F28E5891AA8A23900EF627F /* System.cpp */ = {isa = PBXFileReference; fileEncoding = 4; lastKnownFileType = sourcecode.cpp.cpp; path = System.cpp; sourceTree = "<group>"; };
		5F28E58B1AA8A23900EF627F /* EntityManager.cpp */ = {isa = PBXFileReference; fileEncoding = 4; lastKnownFileType = sourcecode.cpp.cpp; path = EntityManager.cpp; sourceTree = "<group>"; };
		5F28E58D1AA8A23900EF627F /* EventManager.cpp */ = {isa = PBXFileReference; fileEncoding = 4; lastKnownFileType = sourcecode.cpp.cpp; path = EventManager.cpp; sourceTree = "<group>"; };
		5F28E58F1AA8A23900EF627F /* InputHandler.cpp */ = {isa = PBXFileReference; fileEncoding = 4; lastKnownFileType = sourcecode.cpp.cpp; path = InputHandler.cpp; sourceTree = "<group>"; };
		5F28E5911AA8A23900EF627F /* Vec2.cpp */ = {isa = PBXFileReference; fileEncoding = 4; lastKnownFileType = sourcecode.cpp.cpp; path = Vec2.cpp; sourceTree = "<group>"; };
		5F28E5921AA8A23900EF627F /* Vec3.cpp */ = {isa = PBXFileReference; fileEncoding = 4; lastKnownFileType = sourcecode.cpp.cpp; path = Vec3.cpp; sourceTree = "<group>"; };
		5F28E5941AA8A23900EF627F /* Game.cpp */ = {isa = PBXFileReference; fileEncoding = 4; lastKnownFileType = sourcecode.cpp.cpp; path = Game.cpp; sourceTree = "<group>"; };
		5F28E5951AA8A23900EF627F /* Main.cpp */ = {isa = PBXFileReference; fileEncoding = 4; lastKnownFileType = sourcecode.cpp.cpp; path = Main.cpp; sourceTree = "<group>"; };
		5F28E5B41AA8AB2C00EF627F /* OpenGL.framework */ = {isa = PBXFileReference; lastKnownFileType = wrapper.framework; name = OpenGL.framework; path = System/Library/Frameworks/OpenGL.framework; sourceTree = SDKROOT; };
		5FA7113C1F5F407B0048073B /* libGLEW.2.1.0.dylib */ = {isa = PBXFileReference; lastKnownFileType = "compiled.mach-o.dylib"; name = libGLEW.2.1.0.dylib; path = ../../../../../usr/local/Cellar/glew/2.1.0/lib/libGLEW.2.1.0.dylib; sourceTree = "<group>"; };
		5FA7113E1F5F408D0048073B /* libglfw.3.2.dylib */ = {isa = PBXFileReference; lastKnownFileType = "compiled.mach-o.dylib"; name = libglfw.3.2.dylib; path = ../../../../../usr/local/Cellar/glfw/3.2.1/lib/libglfw.3.2.dylib; sourceTree = "<group>"; };
		5FF8DDAD1A6C613E000BC39A /* GameEngine.app */ = {isa = PBXFileReference; explicitFileType = wrapper.application; includeInIndex = 0; path = GameEngine.app; sourceTree = BUILT_PRODUCTS_DIR; };
		5FF8DDB11A6C613E000BC39A /* Info.plist */ = {isa = PBXFileReference; lastKnownFileType = text.plist.xml; path = Info.plist; sourceTree = "<group>"; };
		5FF8DDB71A6C613E000BC39A /* Images.xcassets */ = {isa = PBXFileReference; lastKnownFileType = folder.assetcatalog; path = Images.xcassets; sourceTree = "<group>"; };
		5FF8DDC01A6C613F000BC39A /* GameEngineTests.xctest */ = {isa = PBXFileReference; explicitFileType = wrapper.cfbundle; includeInIndex = 0; path = GameEngineTests.xctest; sourceTree = BUILT_PRODUCTS_DIR; };
		5FF8DDC51A6C613F000BC39A /* Info.plist */ = {isa = PBXFileReference; lastKnownFileType = text.plist.xml; path = Info.plist; sourceTree = "<group>"; };
		5FFBA5331F158BB300FEB4EF /* libGLEW.2.0.0.dylib */ = {isa = PBXFileReference; lastKnownFileType = "compiled.mach-o.dylib"; name = libGLEW.2.0.0.dylib; path = ../../../../usr/local/Cellar/glew/2.0.0/lib/libGLEW.2.0.0.dylib; sourceTree = "<group>"; };
		5FFBA5351F158BD800FEB4EF /* libglfw.3.2.dylib */ = {isa = PBXFileReference; lastKnownFileType = "compiled.mach-o.dylib"; name = libglfw.3.2.dylib; path = ../../../../usr/local/Cellar/glfw/3.2.1/lib/libglfw.3.2.dylib; sourceTree = "<group>"; };
/* End PBXFileReference section */

/* Begin PBXFrameworksBuildPhase section */
		5FF8DDAA1A6C613E000BC39A /* Frameworks */ = {
			isa = PBXFrameworksBuildPhase;
			buildActionMask = 2147483647;
			files = (
				5FA7113F1F5F408D0048073B /* libglfw.3.2.dylib in Frameworks */,
				5FA7113D1F5F407B0048073B /* libGLEW.2.1.0.dylib in Frameworks */,
				5F28E5B51AA8AB2C00EF627F /* OpenGL.framework in Frameworks */,
			);
			runOnlyForDeploymentPostprocessing = 0;
		};
		5FF8DDBD1A6C613F000BC39A /* Frameworks */ = {
			isa = PBXFrameworksBuildPhase;
			buildActionMask = 2147483647;
			files = (
				5F812F471F16422F0092F865 /* libGLEW.2.0.0.dylib in Frameworks */,
				5F812F461F1642260092F865 /* libglfw.3.2.dylib in Frameworks */,
				5F28E5BA1AA8B03400EF627F /* OpenGL.framework in Frameworks */,
			);
			runOnlyForDeploymentPostprocessing = 0;
		};
/* End PBXFrameworksBuildPhase section */

/* Begin PBXGroup section */
		5F28E5621AA8A23900EF627F /* include */ = {
			isa = PBXGroup;
			children = (
				5F28E5631AA8A23900EF627F /* ComponentTypes.h */,
				5F28E5641AA8A23900EF627F /* Engine */,
				5F28E57F1AA8A23900EF627F /* Game */,
			);
			name = include;
			path = ../../Source/include;
			sourceTree = "<group>";
		};
		5F28E5641AA8A23900EF627F /* Engine */ = {
			isa = PBXGroup;
			children = (
				5F28E5651AA8A23900EF627F /* Core */,
				5F28E5681AA8A23900EF627F /* CoreComponents */,
				5F28E56F1AA8A23900EF627F /* CoreSystems */,
				5F28E5731AA8A23900EF627F /* EntityCore */,
				5F28E5761AA8A23900EF627F /* Events */,
				5F28E57A1AA8A23900EF627F /* Input */,
				5F28E57C1AA8A23900EF627F /* Math */,
			);
			path = Engine;
			sourceTree = "<group>";
		};
		5F28E5651AA8A23900EF627F /* Core */ = {
			isa = PBXGroup;
			children = (
				5F28E5661AA8A23900EF627F /* Core.h */,
				5F28E5671AA8A23900EF627F /* Window.h */,
			);
			path = Core;
			sourceTree = "<group>";
		};
		5F28E5681AA8A23900EF627F /* CoreComponents */ = {
			isa = PBXGroup;
			children = (
				5F28E5691AA8A23900EF627F /* Animation.h */,
				5F28E56A1AA8A23900EF627F /* AnimationComponent.h */,
				5F28E56B1AA8A23900EF627F /* Component.h */,
				5F28E56C1AA8A23900EF627F /* MovementComponent.h */,
				5F28E56D1AA8A23900EF627F /* SpriteComponent.h */,
				5F28E56E1AA8A23900EF627F /* TransformComponent.h */,
			);
			path = CoreComponents;
			sourceTree = "<group>";
		};
		5F28E56F1AA8A23900EF627F /* CoreSystems */ = {
			isa = PBXGroup;
			children = (
				5F28E5701AA8A23900EF627F /* AnimationSystem.h */,
				5F28E5711AA8A23900EF627F /* MovementSystem.h */,
				5F28E5721AA8A23900EF627F /* System.h */,
			);
			path = CoreSystems;
			sourceTree = "<group>";
		};
		5F28E5731AA8A23900EF627F /* EntityCore */ = {
			isa = PBXGroup;
			children = (
				5F28E5741AA8A23900EF627F /* Entity.h */,
				5F28E5751AA8A23900EF627F /* EntityManager.h */,
			);
			path = EntityCore;
			sourceTree = "<group>";
		};
		5F28E5761AA8A23900EF627F /* Events */ = {
			isa = PBXGroup;
			children = (
				5F28E5771AA8A23900EF627F /* EntityEvent.h */,
				5F28E5781AA8A23900EF627F /* EventManager.h */,
				5F28E5791AA8A23900EF627F /* Events.h */,
			);
			path = Events;
			sourceTree = "<group>";
		};
		5F28E57A1AA8A23900EF627F /* Input */ = {
			isa = PBXGroup;
			children = (
				5F28E57B1AA8A23900EF627F /* InputHandler.h */,
			);
			path = Input;
			sourceTree = "<group>";
		};
		5F28E57C1AA8A23900EF627F /* Math */ = {
			isa = PBXGroup;
			children = (
				5F28E57D1AA8A23900EF627F /* Vec2.h */,
				5F28E57E1AA8A23900EF627F /* Vec3.h */,
			);
			path = Math;
			sourceTree = "<group>";
		};
		5F28E57F1AA8A23900EF627F /* Game */ = {
			isa = PBXGroup;
			children = (
				5F28E5801AA8A23900EF627F /* Game.h */,
			);
			path = Game;
			sourceTree = "<group>";
		};
		5F28E5811AA8A23900EF627F /* src */ = {
			isa = PBXGroup;
			children = (
				5F28E5821AA8A23900EF627F /* Engine */,
				5F28E5931AA8A23900EF627F /* Game */,
			);
			name = src;
			path = ../../Source/src;
			sourceTree = "<group>";
		};
		5F28E5821AA8A23900EF627F /* Engine */ = {
			isa = PBXGroup;
			children = (
				5F28E5831AA8A23900EF627F /* Core */,
				5F28E5861AA8A23900EF627F /* CoreSystems */,
				5F28E58A1AA8A23900EF627F /* EntityCore */,
				5F28E58C1AA8A23900EF627F /* Events */,
				5F28E58E1AA8A23900EF627F /* Input */,
				5F28E5901AA8A23900EF627F /* Math */,
			);
			path = Engine;
			sourceTree = "<group>";
		};
		5F28E5831AA8A23900EF627F /* Core */ = {
			isa = PBXGroup;
			children = (
				5F28E5841AA8A23900EF627F /* Core.cpp */,
				5F28E5851AA8A23900EF627F /* Window.cpp */,
			);
			path = Core;
			sourceTree = "<group>";
		};
		5F28E5861AA8A23900EF627F /* CoreSystems */ = {
			isa = PBXGroup;
			children = (
				5F28E5871AA8A23900EF627F /* AnimationSystem.cpp */,
				5F28E5881AA8A23900EF627F /* MovementSystem.cpp */,
				5F28E5891AA8A23900EF627F /* System.cpp */,
			);
			path = CoreSystems;
			sourceTree = "<group>";
		};
		5F28E58A1AA8A23900EF627F /* EntityCore */ = {
			isa = PBXGroup;
			children = (
				5F28E58B1AA8A23900EF627F /* EntityManager.cpp */,
			);
			path = EntityCore;
			sourceTree = "<group>";
		};
		5F28E58C1AA8A23900EF627F /* Events */ = {
			isa = PBXGroup;
			children = (
				5F28E58D1AA8A23900EF627F /* EventManager.cpp */,
			);
			path = Events;
			sourceTree = "<group>";
		};
		5F28E58E1AA8A23900EF627F /* Input */ = {
			isa = PBXGroup;
			children = (
				5F28E58F1AA8A23900EF627F /* InputHandler.cpp */,
			);
			path = Input;
			sourceTree = "<group>";
		};
		5F28E5901AA8A23900EF627F /* Math */ = {
			isa = PBXGroup;
			children = (
				5F28E5911AA8A23900EF627F /* Vec2.cpp */,
				5F28E5921AA8A23900EF627F /* Vec3.cpp */,
			);
			path = Math;
			sourceTree = "<group>";
		};
		5F28E5931AA8A23900EF627F /* Game */ = {
			isa = PBXGroup;
			children = (
				5F28E5941AA8A23900EF627F /* Game.cpp */,
				5F28E5951AA8A23900EF627F /* Main.cpp */,
			);
			path = Game;
			sourceTree = "<group>";
		};
		5FF8DDA41A6C613E000BC39A = {
			isa = PBXGroup;
			children = (
				5F28E5B41AA8AB2C00EF627F /* OpenGL.framework */,
				5FF8DDAF1A6C613E000BC39A /* GameEngine */,
				5FF8DDC31A6C613F000BC39A /* GameEngineTests */,
				5FF8DDAE1A6C613E000BC39A /* Products */,
				5FFBA5321F158BB200FEB4EF /* Frameworks */,
			);
			sourceTree = "<group>";
		};
		5FF8DDAE1A6C613E000BC39A /* Products */ = {
			isa = PBXGroup;
			children = (
				5FF8DDAD1A6C613E000BC39A /* GameEngine.app */,
				5FF8DDC01A6C613F000BC39A /* GameEngineTests.xctest */,
			);
			name = Products;
			sourceTree = "<group>";
		};
		5FF8DDAF1A6C613E000BC39A /* GameEngine */ = {
			isa = PBXGroup;
			children = (
				5F28E5621AA8A23900EF627F /* include */,
				5F28E5811AA8A23900EF627F /* src */,
				5FF8DDB71A6C613E000BC39A /* Images.xcassets */,
				5FF8DDB01A6C613E000BC39A /* Supporting Files */,
			);
			path = GameEngine;
			sourceTree = "<group>";
		};
		5FF8DDB01A6C613E000BC39A /* Supporting Files */ = {
			isa = PBXGroup;
			children = (
				5FF8DDB11A6C613E000BC39A /* Info.plist */,
			);
			name = "Supporting Files";
			sourceTree = "<group>";
		};
		5FF8DDC31A6C613F000BC39A /* GameEngineTests */ = {
			isa = PBXGroup;
			children = (
				5FF8DDC41A6C613F000BC39A /* Supporting Files */,
			);
			path = GameEngineTests;
			sourceTree = "<group>";
		};
		5FF8DDC41A6C613F000BC39A /* Supporting Files */ = {
			isa = PBXGroup;
			children = (
				5FF8DDC51A6C613F000BC39A /* Info.plist */,
			);
			name = "Supporting Files";
			sourceTree = "<group>";
		};
		5FFBA5321F158BB200FEB4EF /* Frameworks */ = {
			isa = PBXGroup;
			children = (
				5FA7113E1F5F408D0048073B /* libglfw.3.2.dylib */,
				5FA7113C1F5F407B0048073B /* libGLEW.2.1.0.dylib */,
				5FFBA5351F158BD800FEB4EF /* libglfw.3.2.dylib */,
				5FFBA5331F158BB300FEB4EF /* libGLEW.2.0.0.dylib */,
			);
			name = Frameworks;
			sourceTree = "<group>";
		};
/* End PBXGroup section */

/* Begin PBXNativeTarget section */
		5FF8DDAC1A6C613E000BC39A /* GameEngine */ = {
			isa = PBXNativeTarget;
			buildConfigurationList = 5FF8DDCA1A6C613F000BC39A /* Build configuration list for PBXNativeTarget "GameEngine" */;
			buildPhases = (
				5FF8DDA91A6C613E000BC39A /* Sources */,
				5FF8DDAA1A6C613E000BC39A /* Frameworks */,
				5FF8DDAB1A6C613E000BC39A /* Resources */,
			);
			buildRules = (
			);
			dependencies = (
			);
			name = GameEngine;
			productName = GameEngine;
			productReference = 5FF8DDAD1A6C613E000BC39A /* GameEngine.app */;
			productType = "com.apple.product-type.application";
		};
		5FF8DDBF1A6C613F000BC39A /* GameEngineTests */ = {
			isa = PBXNativeTarget;
			buildConfigurationList = 5FF8DDCD1A6C613F000BC39A /* Build configuration list for PBXNativeTarget "GameEngineTests" */;
			buildPhases = (
				5FF8DDBC1A6C613F000BC39A /* Sources */,
				5FF8DDBD1A6C613F000BC39A /* Frameworks */,
				5FF8DDBE1A6C613F000BC39A /* Resources */,
			);
			buildRules = (
			);
			dependencies = (
				5FF8DDC21A6C613F000BC39A /* PBXTargetDependency */,
			);
			name = GameEngineTests;
			productName = GameEngineTests;
			productReference = 5FF8DDC01A6C613F000BC39A /* GameEngineTests.xctest */;
			productType = "com.apple.product-type.bundle.unit-test";
		};
/* End PBXNativeTarget section */

/* Begin PBXProject section */
		5FF8DDA51A6C613E000BC39A /* Project object */ = {
			isa = PBXProject;
			attributes = {
				LastUpgradeCheck = 0830;
				ORGANIZATIONNAME = "Patrik Gyllvin";
				TargetAttributes = {
					5FF8DDAC1A6C613E000BC39A = {
						CreatedOnToolsVersion = 6.1.1;
					};
					5FF8DDBF1A6C613F000BC39A = {
						CreatedOnToolsVersion = 6.1.1;
						TestTargetID = 5FF8DDAC1A6C613E000BC39A;
					};
				};
			};
			buildConfigurationList = 5FF8DDA81A6C613E000BC39A /* Build configuration list for PBXProject "GameEngine" */;
			compatibilityVersion = "Xcode 3.2";
			developmentRegion = English;
			hasScannedForEncodings = 0;
			knownRegions = (
				en,
				Base,
			);
			mainGroup = 5FF8DDA41A6C613E000BC39A;
			productRefGroup = 5FF8DDAE1A6C613E000BC39A /* Products */;
			projectDirPath = "";
			projectRoot = "";
			targets = (
				5FF8DDAC1A6C613E000BC39A /* GameEngine */,
				5FF8DDBF1A6C613F000BC39A /* GameEngineTests */,
			);
		};
/* End PBXProject section */

/* Begin PBXResourcesBuildPhase section */
		5FF8DDAB1A6C613E000BC39A /* Resources */ = {
			isa = PBXResourcesBuildPhase;
			buildActionMask = 2147483647;
			files = (
				5FF8DDB81A6C613E000BC39A /* Images.xcassets in Resources */,
			);
			runOnlyForDeploymentPostprocessing = 0;
		};
		5FF8DDBE1A6C613F000BC39A /* Resources */ = {
			isa = PBXResourcesBuildPhase;
			buildActionMask = 2147483647;
			files = (
			);
			runOnlyForDeploymentPostprocessing = 0;
		};
/* End PBXResourcesBuildPhase section */

/* Begin PBXSourcesBuildPhase section */
		5FF8DDA91A6C613E000BC39A /* Sources */ = {
			isa = PBXSourcesBuildPhase;
			buildActionMask = 2147483647;
			files = (
				5F28E5A61AA8A23900EF627F /* Vec2.cpp in Sources */,
				5F28E59E1AA8A23900EF627F /* System.cpp in Sources */,
				5F28E5961AA8A23900EF627F /* Core.cpp in Sources */,
				5F28E59A1AA8A23900EF627F /* AnimationSystem.cpp in Sources */,
				5F28E5A81AA8A23900EF627F /* Vec3.cpp in Sources */,
				5F28E5981AA8A23900EF627F /* Window.cpp in Sources */,
				5F28E5AC1AA8A23900EF627F /* Main.cpp in Sources */,
				5F28E5A01AA8A23900EF627F /* EntityManager.cpp in Sources */,
				5F28E5AA1AA8A23900EF627F /* Game.cpp in Sources */,
				5F28E59C1AA8A23900EF627F /* MovementSystem.cpp in Sources */,
				5F28E5A21AA8A23900EF627F /* EventManager.cpp in Sources */,
				5F28E5A41AA8A23900EF627F /* InputHandler.cpp in Sources */,
			);
			runOnlyForDeploymentPostprocessing = 0;
		};
		5FF8DDBC1A6C613F000BC39A /* Sources */ = {
			isa = PBXSourcesBuildPhase;
			buildActionMask = 2147483647;
			files = (
				5F28E5A71AA8A23900EF627F /* Vec2.cpp in Sources */,
				5F28E59F1AA8A23900EF627F /* System.cpp in Sources */,
				5F28E5971AA8A23900EF627F /* Core.cpp in Sources */,
				5F28E59B1AA8A23900EF627F /* AnimationSystem.cpp in Sources */,
				5F28E5A91AA8A23900EF627F /* Vec3.cpp in Sources */,
				5F28E5991AA8A23900EF627F /* Window.cpp in Sources */,
				5F28E5AD1AA8A23900EF627F /* Main.cpp in Sources */,
				5F28E5A11AA8A23900EF627F /* EntityManager.cpp in Sources */,
				5F28E5AB1AA8A23900EF627F /* Game.cpp in Sources */,
				5F28E59D1AA8A23900EF627F /* MovementSystem.cpp in Sources */,
				5F28E5A31AA8A23900EF627F /* EventManager.cpp in Sources */,
				5F28E5A51AA8A23900EF627F /* InputHandler.cpp in Sources */,
			);
			runOnlyForDeploymentPostprocessing = 0;
		};
/* End PBXSourcesBuildPhase section */

/* Begin PBXTargetDependency section */
		5FF8DDC21A6C613F000BC39A /* PBXTargetDependency */ = {
			isa = PBXTargetDependency;
			target = 5FF8DDAC1A6C613E000BC39A /* GameEngine */;
			targetProxy = 5FF8DDC11A6C613F000BC39A /* PBXContainerItemProxy */;
		};
/* End PBXTargetDependency section */

/* Begin XCBuildConfiguration section */
		5FF8DDC81A6C613F000BC39A /* Debug */ = {
			isa = XCBuildConfiguration;
			buildSettings = {
				ALWAYS_SEARCH_USER_PATHS = NO;
				CLANG_CXX_LANGUAGE_STANDARD = "c++0x";
				CLANG_CXX_LIBRARY = "libc++";
				CLANG_ENABLE_MODULES = YES;
				CLANG_ENABLE_OBJC_ARC = YES;
				CLANG_WARN_BOOL_CONVERSION = YES;
				CLANG_WARN_CONSTANT_CONVERSION = YES;
				CLANG_WARN_DIRECT_OBJC_ISA_USAGE = YES_ERROR;
				CLANG_WARN_EMPTY_BODY = YES;
				CLANG_WARN_ENUM_CONVERSION = YES;
				CLANG_WARN_INFINITE_RECURSION = YES;
				CLANG_WARN_INT_CONVERSION = YES;
				CLANG_WARN_OBJC_ROOT_CLASS = YES_ERROR;
				CLANG_WARN_SUSPICIOUS_MOVE = YES;
				CLANG_WARN_UNREACHABLE_CODE = YES;
				CLANG_WARN__DUPLICATE_METHOD_MATCH = YES;
				CODE_SIGN_IDENTITY = "-";
				COPY_PHASE_STRIP = NO;
				ENABLE_STRICT_OBJC_MSGSEND = YES;
				ENABLE_TESTABILITY = YES;
				GCC_C_LANGUAGE_STANDARD = gnu99;
				GCC_DYNAMIC_NO_PIC = NO;
				GCC_NO_COMMON_BLOCKS = YES;
				GCC_OPTIMIZATION_LEVEL = 0;
				GCC_PREPROCESSOR_DEFINITIONS = (
					"DEBUG=1",
					"$(inherited)",
				);
				GCC_SYMBOLS_PRIVATE_EXTERN = NO;
				GCC_WARN_64_TO_32_BIT_CONVERSION = YES;
				GCC_WARN_ABOUT_RETURN_TYPE = YES_ERROR;
				GCC_WARN_UNDECLARED_SELECTOR = YES;
				GCC_WARN_UNINITIALIZED_AUTOS = YES_AGGRESSIVE;
				GCC_WARN_UNUSED_FUNCTION = YES;
				GCC_WARN_UNUSED_VARIABLE = YES;
				HEADER_SEARCH_PATHS = "";
				LIBRARY_SEARCH_PATHS = "";
				MACOSX_DEPLOYMENT_TARGET = 10.10;
				MTL_ENABLE_DEBUG_INFO = YES;
				ONLY_ACTIVE_ARCH = YES;
				SDKROOT = macosx;
			};
			name = Debug;
		};
		5FF8DDC91A6C613F000BC39A /* Release */ = {
			isa = XCBuildConfiguration;
			buildSettings = {
				ALWAYS_SEARCH_USER_PATHS = NO;
				CLANG_CXX_LANGUAGE_STANDARD = "c++0x";
				CLANG_CXX_LIBRARY = "libc++";
				CLANG_ENABLE_MODULES = YES;
				CLANG_ENABLE_OBJC_ARC = YES;
				CLANG_WARN_BOOL_CONVERSION = YES;
				CLANG_WARN_CONSTANT_CONVERSION = YES;
				CLANG_WARN_DIRECT_OBJC_ISA_USAGE = YES_ERROR;
				CLANG_WARN_EMPTY_BODY = YES;
				CLANG_WARN_ENUM_CONVERSION = YES;
				CLANG_WARN_INFINITE_RECURSION = YES;
				CLANG_WARN_INT_CONVERSION = YES;
				CLANG_WARN_OBJC_ROOT_CLASS = YES_ERROR;
				CLANG_WARN_SUSPICIOUS_MOVE = YES;
				CLANG_WARN_UNREACHABLE_CODE = YES;
				CLANG_WARN__DUPLICATE_METHOD_MATCH = YES;
				CODE_SIGN_IDENTITY = "-";
				COPY_PHASE_STRIP = YES;
				DEBUG_INFORMATION_FORMAT = "dwarf-with-dsym";
				ENABLE_NS_ASSERTIONS = NO;
				ENABLE_STRICT_OBJC_MSGSEND = YES;
				GCC_C_LANGUAGE_STANDARD = gnu99;
				GCC_NO_COMMON_BLOCKS = YES;
				GCC_WARN_64_TO_32_BIT_CONVERSION = YES;
				GCC_WARN_ABOUT_RETURN_TYPE = YES_ERROR;
				GCC_WARN_UNDECLARED_SELECTOR = YES;
				GCC_WARN_UNINITIALIZED_AUTOS = YES_AGGRESSIVE;
				GCC_WARN_UNUSED_FUNCTION = YES;
				GCC_WARN_UNUSED_VARIABLE = YES;
				HEADER_SEARCH_PATHS = "";
				LIBRARY_SEARCH_PATHS = "";
				MACOSX_DEPLOYMENT_TARGET = 10.10;
				MTL_ENABLE_DEBUG_INFO = NO;
				SDKROOT = macosx;
			};
			name = Release;
		};
		5FF8DDCB1A6C613F000BC39A /* Debug */ = {
			isa = XCBuildConfiguration;
			buildSettings = {
				ASSETCATALOG_COMPILER_APPICON_NAME = AppIcon;
				CLANG_CXX_LIBRARY = "libc++";
				COMBINE_HIDPI_IMAGES = YES;
				FRAMEWORK_SEARCH_PATHS = (
					"$(DEVELOPER_FRAMEWORKS_DIR)",
					"$(inherited)",
				);
				HEADER_SEARCH_PATHS = (
					"$(inherited)",
					/Applications/Xcode.app/Contents/Developer/Toolchains/XcodeDefault.xctoolchain/usr/include,
					/usr/local/include,
				);
				INFOPLIST_FILE = GameEngine/Info.plist;
				LD_RUNPATH_SEARCH_PATHS = "$(inherited) @executable_path/../Frameworks";
				LIBRARY_SEARCH_PATHS = (
					"$(inherited)",
					"$(PROJECT_DIR)",
					/usr/local/Cellar/glfw/3.2.1/lib,
					/usr/local/Cellar/glew/2.1.0/lib,
				);
				MACOSX_DEPLOYMENT_TARGET = 10.10;
				OTHER_LDFLAGS = "-lGLEW";
				PRODUCT_BUNDLE_IDENTIFIER = "Potte.$(PRODUCT_NAME:rfc1034identifier)";
				PRODUCT_NAME = "$(TARGET_NAME)";
			};
			name = Debug;
		};
		5FF8DDCC1A6C613F000BC39A /* Release */ = {
			isa = XCBuildConfiguration;
			buildSettings = {
				ASSETCATALOG_COMPILER_APPICON_NAME = AppIcon;
				CLANG_CXX_LIBRARY = "libc++";
				COMBINE_HIDPI_IMAGES = YES;
				FRAMEWORK_SEARCH_PATHS = (
					"$(DEVELOPER_FRAMEWORKS_DIR)",
					"$(inherited)",
				);
				HEADER_SEARCH_PATHS = (
					"$(inherited)",
					/Applications/Xcode.app/Contents/Developer/Toolchains/XcodeDefault.xctoolchain/usr/include,
					/usr/local/include,
				);
				INFOPLIST_FILE = GameEngine/Info.plist;
				LD_RUNPATH_SEARCH_PATHS = "$(inherited) @executable_path/../Frameworks";
				LIBRARY_SEARCH_PATHS = (
					"$(inherited)",
					"$(PROJECT_DIR)",
					/usr/local/Cellar/glfw/3.2.1/lib,
					/usr/local/Cellar/glew/2.1.0/lib,
				);
				MACOSX_DEPLOYMENT_TARGET = 10.10;
				OTHER_LDFLAGS = "-lGLEW";
				PRODUCT_BUNDLE_IDENTIFIER = "Potte.$(PRODUCT_NAME:rfc1034identifier)";
				PRODUCT_NAME = "$(TARGET_NAME)";
			};
			name = Release;
		};
		5FF8DDCE1A6C613F000BC39A /* Debug */ = {
			isa = XCBuildConfiguration;
			buildSettings = {
				BUNDLE_LOADER = "$(TEST_HOST)";
				COMBINE_HIDPI_IMAGES = YES;
				FRAMEWORK_SEARCH_PATHS = (
					"$(DEVELOPER_FRAMEWORKS_DIR)",
					"$(inherited)",
				);
				GCC_PREPROCESSOR_DEFINITIONS = (
					"DEBUG=1",
					"$(inherited)",
				);
				HEADER_SEARCH_PATHS = (
					"$(inherited)",
					/Applications/Xcode.app/Contents/Developer/Toolchains/XcodeDefault.xctoolchain/usr/include,
					/usr/local/include,
				);
				INFOPLIST_FILE = GameEngineTests/Info.plist;
				LD_RUNPATH_SEARCH_PATHS = "$(inherited) @executable_path/../Frameworks @loader_path/../Frameworks";
				LIBRARY_SEARCH_PATHS = (
					/usr/local/Cellar/glew/2.0.0/lib,
					"$(inherited)",
					"$(PROJECT_DIR)",
					/usr/local/Cellar/glfw/3.2.1/lib,
				);
				OTHER_LDFLAGS = "-lGLEW";
				PRODUCT_BUNDLE_IDENTIFIER = "Potte.$(PRODUCT_NAME:rfc1034identifier)";
				PRODUCT_NAME = "$(TARGET_NAME)";
				TEST_HOST = "";
			};
			name = Debug;
		};
		5FF8DDCF1A6C613F000BC39A /* Release */ = {
			isa = XCBuildConfiguration;
			buildSettings = {
				BUNDLE_LOADER = "$(TEST_HOST)";
				COMBINE_HIDPI_IMAGES = YES;
				FRAMEWORK_SEARCH_PATHS = (
					"$(DEVELOPER_FRAMEWORKS_DIR)",
					"$(inherited)",
				);
				HEADER_SEARCH_PATHS = (
					"$(inherited)",
					/Applications/Xcode.app/Contents/Developer/Toolchains/XcodeDefault.xctoolchain/usr/include,
					/usr/local/include,
				);
				INFOPLIST_FILE = GameEngineTests/Info.plist;
				LD_RUNPATH_SEARCH_PATHS = "$(inherited) @executable_path/../Frameworks @loader_path/../Frameworks";
				LIBRARY_SEARCH_PATHS = (
					/usr/local/Cellar/glew/2.0.0/lib,
					"$(inherited)",
					"$(PROJECT_DIR)",
					/usr/local/Cellar/glfw/3.2.1/lib,
				);
				OTHER_LDFLAGS = "-lGLEW";
				PRODUCT_BUNDLE_IDENTIFIER = "Potte.$(PRODUCT_NAME:rfc1034identifier)";
				PRODUCT_NAME = "$(TARGET_NAME)";
				TEST_HOST = "";
			};
			name = Release;
		};
/* End XCBuildConfiguration section */

/* Begin XCConfigurationList section */
		5FF8DDA81A6C613E000BC39A /* Build configuration list for PBXProject "GameEngine" */ = {
			isa = XCConfigurationList;
			buildConfigurations = (
				5FF8DDC81A6C613F000BC39A /* Debug */,
				5FF8DDC91A6C613F000BC39A /* Release */,
			);
			defaultConfigurationIsVisible = 0;
			defaultConfigurationName = Release;
		};
		5FF8DDCA1A6C613F000BC39A /* Build configuration list for PBXNativeTarget "GameEngine" */ = {
			isa = XCConfigurationList;
			buildConfigurations = (
				5FF8DDCB1A6C613F000BC39A /* Debug */,
				5FF8DDCC1A6C613F000BC39A /* Release */,
			);
			defaultConfigurationIsVisible = 0;
			defaultConfigurationName = Release;
		};
		5FF8DDCD1A6C613F000BC39A /* Build configuration list for PBXNativeTarget "GameEngineTests" */ = {
			isa = XCConfigurationList;
			buildConfigurations = (
				5FF8DDCE1A6C613F000BC39A /* Debug */,
				5FF8DDCF1A6C613F000BC39A /* Release */,
			);
			defaultConfigurationIsVisible = 0;
			defaultConfigurationName = Release;
		};
/* End XCConfigurationList section */
	};
	rootObject = 5FF8DDA51A6C613E000BC39A /* Project object */;
}
